<?xml version="1.0" encoding="utf-8"?>
<Project ToolsVersion="4.0" xmlns="http://schemas.microsoft.com/developer/msbuild/2003">
  <ItemGroup>
    <Filter Include="win32">
      <UniqueIdentifier>{84a8ebd7-7cf0-47f6-b75e-d441df67da40}</UniqueIdentifier>
    </Filter>
    <Filter Include="resource">
      <UniqueIdentifier>{715254bc-d70b-4ec5-bf29-467dd3ace079}</UniqueIdentifier>
    </Filter>
    <Filter Include="src">
      <UniqueIdentifier>{bb6c862e-70e9-49d9-81b7-3829a6f50471}</UniqueIdentifier>
    </Filter>
    <Filter Include="src\base">
      <UniqueIdentifier>{94ea5b3e-5d27-4ad5-9209-d24ae95f2f2c}</UniqueIdentifier>
    </Filter>
    <Filter Include="src\util">
      <UniqueIdentifier>{70d90ea7-ee0a-4265-ab6e-ef809fc33537}</UniqueIdentifier>
    </Filter>
    <Filter Include="src\layer">
      <UniqueIdentifier>{c623e059-be00-40d0-868d-cb48f94ee017}</UniqueIdentifier>
    </Filter>
    <Filter Include="src\star">
      <UniqueIdentifier>{fe3c6de3-d2bb-4d52-b5b3-07cb2ba23a66}</UniqueIdentifier>
    </Filter>
    <Filter Include="resource\star">
      <UniqueIdentifier>{49fae8ce-d6d3-4ed1-a889-4c4a2c92eef0}</UniqueIdentifier>
    </Filter>
  </ItemGroup>
  <ItemGroup>
    <ClCompile Include="main.cpp">
      <Filter>win32</Filter>
    </ClCompile>
    <ClCompile Include="..\Classes\AppDelegate.cpp">
      <Filter>src</Filter>
    </ClCompile>
    <ClCompile Include="..\Classes\HelloWorldScene.cpp">
      <Filter>src</Filter>
    </ClCompile>
    <ClCompile Include="..\Classes\base\BaseLayer.cpp">
      <Filter>src\base</Filter>
    </ClCompile>
    <ClCompile Include="..\Classes\base\BaseSprite.cpp">
      <Filter>src\base</Filter>
    </ClCompile>
    <ClCompile Include="..\Classes\util\LayerUtil.cpp">
      <Filter>src\util</Filter>
    </ClCompile>
    <ClCompile Include="..\Classes\layer\StartLayer.cpp">
      <Filter>src\layer</Filter>
    </ClCompile>
    <ClCompile Include="..\Classes\VisibleRect.cpp">
      <Filter>src</Filter>
    </ClCompile>
    <ClCompile Include="..\Classes\util\logUtil.cpp">
      <Filter>src\util</Filter>
    </ClCompile>
    <ClCompile Include="..\Classes\base\BaseStar.cpp">
      <Filter>src\base</Filter>
    </ClCompile>
    <ClCompile Include="..\Classes\layer\PlayLayer.cpp">
      <Filter>src\layer</Filter>
    </ClCompile>
    <ClCompile Include="..\Classes\layer\StarLayer.cpp">
      <Filter>src\layer</Filter>
    </ClCompile>
    <ClCompile Include="..\Classes\star\SimpleStar.cpp">
      <Filter>src\star</Filter>
    </ClCompile>
    <ClCompile Include="..\Classes\star\StarComNode.cpp">
      <Filter>src\star</Filter>
    </ClCompile>
  </ItemGroup>
  <ItemGroup>
    <ClInclude Include="main.h">
      <Filter>win32</Filter>
    </ClInclude>
    <ClInclude Include="..\Classes\AppDelegate.h">
      <Filter>src</Filter>
    </ClInclude>
    <ClInclude Include="..\Classes\HelloWorldScene.h">
      <Filter>src</Filter>
    </ClInclude>
    <ClInclude Include="..\Classes\base\BaseLayer.h">
      <Filter>src\base</Filter>
    </ClInclude>
    <ClInclude Include="..\Classes\base\BaseSprite.h">
      <Filter>src\base</Filter>
    </ClInclude>
    <ClInclude Include="..\Classes\util\LayerUtil.h">
      <Filter>src\util</Filter>
    </ClInclude>
    <ClInclude Include="..\Classes\layer\StartLayer.h">
      <Filter>src\layer</Filter>
    </ClInclude>
    <ClInclude Include="..\Classes\VisibleRect.h">
      <Filter>src</Filter>
    </ClInclude>
    <ClInclude Include="..\Classes\util\LogUtil.h">
      <Filter>src\util</Filter>
    </ClInclude>
    <ClInclude Include="..\Classes\base\BaseStar.h">
      <Filter>src\base</Filter>
    </ClInclude>
    <ClInclude Include="..\Classes\layer\PlayLayer.h">
      <Filter>src\layer</Filter>
    </ClInclude>
    <ClInclude Include="..\Classes\layer\StarLayer.h">
      <Filter>src\layer</Filter>
    </ClInclude>
    <ClInclude Include="..\Classes\star\SimpleStar.h">
      <Filter>src\star</Filter>
    </ClInclude>
    <ClInclude Include="..\Classes\star\StarComNode.h">
      <Filter>src\star</Filter>
    </ClInclude>
    <ClInclude Include="..\log.h" />
  </ItemGroup>
  <ItemGroup>
    <ResourceCompile Include="game.rc">
      <Filter>resource</Filter>
    </ResourceCompile>
  </ItemGroup>
  <ItemGroup>
    <Image Include="..\Resources\star\star_1.png">
      <Filter>resource\star</Filter>
    </Image>
    <Image Include="..\Resources\star\star_2.png">
      <Filter>resource\star</Filter>
    </Image>
    <Image Include="..\Resources\star\star_3.png">
      <Filter>resource\star</Filter>
    </Image>
    <Image Include="..\Resources\star\star_4.png">
      <Filter>resource\star</Filter>
    </Image>
    <Image Include="..\Resources\star\star_5.png">
      <Filter>resource\star</Filter>
    </Image>
    <Image Include="..\Resources\star\star_6.png">
      <Filter>resource\star</Filter>
    </Image>
  </ItemGroup>
</Project>